// !$*UTF8*$!
{
	archiveVersion = 1;
	classes = {
	};
	objectVersion = 77;
	objects = {

/* Begin PBXBuildFile section */
		7AA1551A615D7295971EDA42 /* VSCodeUITests.swift in Sources */ = {isa = PBXBuildFile; fileRef = 207B1C473467CE96BF4E3A82 /* VSCodeUITests.swift */; };
		D27903BB7562964E804CBADC /* HostApp.swift in Sources */ = {isa = PBXBuildFile; fileRef = 3B61BC108A60D9C53880D672 /* HostApp.swift */; };
/* End PBXBuildFile section */

/* Begin PBXContainerItemProxy section */
		43A7E2DA62EC95EBA3D44426 /* PBXContainerItemProxy */ = {
			isa = PBXContainerItemProxy;
			containerPortal = 7A00B49F993D7092AE168DD0 /* Project object */;
			proxyType = 1;
			remoteGlobalIDString = 6CE3DFCFF735309B900D92DD;
			remoteInfo = VSCodeHost;
		};
/* End PBXContainerItemProxy section */

/* Begin PBXFileReference section */
		207B1C473467CE96BF4E3A82 /* VSCodeUITests.swift */ = {isa = PBXFileReference; lastKnownFileType = sourcecode.swift; path = VSCodeUITests.swift; sourceTree = "<group>"; };
		3B61BC108A60D9C53880D672 /* HostApp.swift */ = {isa = PBXFileReference; lastKnownFileType = sourcecode.swift; path = HostApp.swift; sourceTree = "<group>"; };
		90661755241C05D80C18E63D /* VSCodeHost.app */ = {isa = PBXFileReference; includeInIndex = 0; lastKnownFileType = wrapper.application; path = VSCodeHost.app; sourceTree = BUILT_PRODUCTS_DIR; };
		BC55D1BA57781F135140417C /* VSCodeUITests.xctest */ = {isa = PBXFileReference; includeInIndex = 0; lastKnownFileType = wrapper.cfbundle; path = VSCodeUITests.xctest; sourceTree = BUILT_PRODUCTS_DIR; };
/* End PBXFileReference section */

/* Begin PBXGroup section */
		3469A45AB42119F68AED3362 = {
			isa = PBXGroup;
			children = (
				CA6EDA3588BEF365B12345E3 /* Host */,
				F97E0D1D2D40DECE91EEAAAD /* UITests */,
				3F1EF661525C80F35E927BD5 /* Products */,
			);
			sourceTree = "<group>";
		};
		3F1EF661525C80F35E927BD5 /* Products */ = {
			isa = PBXGroup;
			children = (
				90661755241C05D80C18E63D /* VSCodeHost.app */,
				BC55D1BA57781F135140417C /* VSCodeUITests.xctest */,
			);
			name = Products;
			sourceTree = "<group>";
		};
		CA6EDA3588BEF365B12345E3 /* Host */ = {
			isa = PBXGroup;
			children = (
				3B61BC108A60D9C53880D672 /* HostApp.swift */,
			);
			path = Host;
			sourceTree = "<group>";
		};
		F97E0D1D2D40DECE91EEAAAD /* UITests */ = {
			isa = PBXGroup;
			children = (
				207B1C473467CE96BF4E3A82 /* VSCodeUITests.swift */,
			);
			path = UITests;
			sourceTree = "<group>";
		};
/* End PBXGroup section */

/* Begin PBXNativeTarget section */
		6CE3DFCFF735309B900D92DD /* VSCodeHost */ = {
			isa = PBXNativeTarget;
			buildConfigurationList = 12ED7EC66B370FF9B04C537F /* Build configuration list for PBXNativeTarget "VSCodeHost" */;
			buildPhases = (
				C8EF8246FDA407D08A043C8C /* Sources */,
			);
			buildRules = (
			);
			dependencies = (
			);
			name = VSCodeHost;
			packageProductDependencies = (
			);
			productName = VSCodeHost;
			productReference = 90661755241C05D80C18E63D /* VSCodeHost.app */;
			productType = "com.apple.product-type.application";
		};
		C666C148C2208B60A749545F /* VSCodeUITests */ = {
			isa = PBXNativeTarget;
			buildConfigurationList = 0903B43531BD8B38982AFE70 /* Build configuration list for PBXNativeTarget "VSCodeUITests" */;
			buildPhases = (
				8C6F5ED0E6AA67A270EBE6BA /* Sources */,
			);
			buildRules = (
			);
			dependencies = (
				5EE2D130B39DD6843906D758 /* PBXTargetDependency */,
			);
			name = VSCodeUITests;
			packageProductDependencies = (
			);
			productName = VSCodeUITests;
			productReference = BC55D1BA57781F135140417C /* VSCodeUITests.xctest */;
			productType = "com.apple.product-type.bundle.ui-testing";
		};
/* End PBXNativeTarget section */

/* Begin PBXProject section */
		7A00B49F993D7092AE168DD0 /* Project object */ = {
			isa = PBXProject;
			attributes = {
				BuildIndependentTargetsInParallel = YES;
				LastUpgradeCheck = 1430;
				TargetAttributes = {
					C666C148C2208B60A749545F = {
						TestTargetID = 6CE3DFCFF735309B900D92DD;
					};
				};
			};
			buildConfigurationList = DEAF314082139A748384B32B /* Build configuration list for PBXProject "VSCodeHarness" */;
			compatibilityVersion = "Xcode 14.0";
			developmentRegion = en;
			hasScannedForEncodings = 0;
			knownRegions = (
				Base,
				en,
			);
			mainGroup = 3469A45AB42119F68AED3362;
			minimizedProjectReferenceProxies = 1;
			preferredProjectObjectVersion = 77;
			projectDirPath = "";
			projectRoot = "";
			targets = (
				6CE3DFCFF735309B900D92DD /* VSCodeHost */,
				C666C148C2208B60A749545F /* VSCodeUITests */,
			);
		};
/* End PBXProject section */

/* Begin PBXSourcesBuildPhase section */
		8C6F5ED0E6AA67A270EBE6BA /* Sources */ = {
			isa = PBXSourcesBuildPhase;
			buildActionMask = 2147483647;
			files = (
				7AA1551A615D7295971EDA42 /* VSCodeUITests.swift in Sources */,
			);
			runOnlyForDeploymentPostprocessing = 0;
		};
		C8EF8246FDA407D08A043C8C /* Sources */ = {
			isa = PBXSourcesBuildPhase;
			buildActionMask = 2147483647;
			files = (
				D27903BB7562964E804CBADC /* HostApp.swift in Sources */,
			);
			runOnlyForDeploymentPostprocessing = 0;
		};
/* End PBXSourcesBuildPhase section */

/* Begin PBXTargetDependency section */
		5EE2D130B39DD6843906D758 /* PBXTargetDependency */ = {
			isa = PBXTargetDependency;
			target = 6CE3DFCFF735309B900D92DD /* VSCodeHost */;
			targetProxy = 43A7E2DA62EC95EBA3D44426 /* PBXContainerItemProxy */;
		};
/* End PBXTargetDependency section */

/* Begin XCBuildConfiguration section */
		096FA7CE3BA63EAB90A45072 /* Release */ = {
			isa = XCBuildConfiguration;
			buildSettings = {
				ASSETCATALOG_COMPILER_APPICON_NAME = AppIcon;
				CODE_SIGNING_ALLOWED = NO;
				CODE_SIGN_IDENTITY = "iPhone Developer";
				GENERATE_INFOPLIST_FILE = YES;
				INFOPLIST_KEY_UILaunchScreen_Generation = YES;
				LD_RUNPATH_SEARCH_PATHS = (
					"$(inherited)",
					"@executable_path/Frameworks",
				);
				PRODUCT_BUNDLE_IDENTIFIER = com.valentinneagu.vscodeharness.VSCodeHost;
				SDKROOT = iphoneos;
				SWIFT_VERSION = 5.0;
				TARGETED_DEVICE_FAMILY = 2;
			};
			name = Release;
		};
		3ED2C14848D9B4C20A5B6128 /* Release */ = {
			isa = XCBuildConfiguration;
			buildSettings = {
				BUNDLE_LOADER = "$(TEST_HOST)";
				CODE_SIGNING_ALLOWED = NO;
				GENERATE_INFOPLIST_FILE = YES;
				LD_RUNPATH_SEARCH_PATHS = (
					"$(inherited)",
					"@executable_path/Frameworks",
					"@loader_path/Frameworks",
				);
				PRODUCT_BUNDLE_IDENTIFIER = com.valentinneagu.vscodeharness.VSCodeUITests;
				SDKROOT = iphoneos;
				SWIFT_VERSION = 5.0;
				TARGETED_DEVICE_FAMILY = 2;
				TEST_TARGET_NAME = VSCodeHost;
			};
			name = Release;
		};
		BF863C54F9136DC4346E2AEC /* Debug */ = {
			isa = XCBuildConfiguration;
			buildSettings = {
				BUNDLE_LOADER = "$(TEST_HOST)";
				CODE_SIGNING_ALLOWED = NO;
				GENERATE_INFOPLIST_FILE = YES;
				LD_RUNPATH_SEARCH_PATHS = (
					"$(inherited)",
					"@executable_path/Frameworks",
					"@loader_path/Frameworks",
				);
				PRODUCT_BUNDLE_IDENTIFIER = com.valentinneagu.vscodeharness.VSCodeUITests;
				SDKROOT = iphoneos;
				SWIFT_VERSION = 5.0;
				TARGETED_DEVICE_FAMILY = 2;
				TEST_TARGET_NAME = VSCodeHost;
			};
			name = Debug;
		};
		CA4AC70147F308A82F8A94E1 /* Debug */ = {
			isa = XCBuildConfiguration;
			buildSettings = {
				ALWAYS_SEARCH_USER_PATHS = NO;
				CLANG_ANALYZER_NONNULL = YES;
				CLANG_ANALYZER_NUMBER_OBJECT_CONVERSION = YES_AGGRESSIVE;
				CLANG_CXX_LANGUAGE_STANDARD = "gnu++14";
				CLANG_CXX_LIBRARY = "libc++";
				CLANG_ENABLE_MODULES = YES;
				CLANG_ENABLE_OBJC_ARC = YES;
				CLANG_ENABLE_OBJC_WEAK = YES;
				CLANG_WARN_BLOCK_CAPTURE_AUTORELEASING = YES;
				CLANG_WARN_BOOL_CONVERSION = YES;
				CLANG_WARN_COMMA = YES;
				CLANG_WARN_CONSTANT_CONVERSION = YES;
				CLANG_WARN_DEPRECATED_OBJC_IMPLEMENTATIONS = YES;
				CLANG_WARN_DIRECT_OBJC_ISA_USAGE = YES_ERROR;
				CLANG_WARN_DOCUMENTATION_COMMENTS = YES;
				CLANG_WARN_EMPTY_BODY = YES;
				CLANG_WARN_ENUM_CONVERSION = YES;
				CLANG_WARN_INFINITE_RECURSION = YES;
				CLANG_WARN_INT_CONVERSION = YES;
				CLANG_WARN_NON_LITERAL_NULL_CONVERSION = YES;
				CLANG_WARN_OBJC_IMPLICIT_RETAIN_SELF = YES;
				CLANG_WARN_OBJC_LITERAL_CONVERSION = YES;
				CLANG_WARN_OBJC_ROOT_CLASS = YES_ERROR;
				CLANG_WARN_QUOTED_INCLUDE_IN_FRAMEWORK_HEADER = YES;
				CLANG_WARN_RANGE_LOOP_ANALYSIS = YES;
				CLANG_WARN_STRICT_PROTOTYPES = YES;
				CLANG_WARN_SUSPICIOUS_MOVE = YES;
				CLANG_WARN_UNGUARDED_AVAILABILITY = YES_AGGRESSIVE;
				CLANG_WARN_UNREACHABLE_CODE = YES;
				CLANG_WARN__DUPLICATE_METHOD_MATCH = YES;
				COPY_PHASE_STRIP = NO;
				DEBUG_INFORMATION_FORMAT = dwarf;
				ENABLE_STRICT_OBJC_MSGSEND = YES;
				ENABLE_TESTABILITY = YES;
				GCC_C_LANGUAGE_STANDARD = gnu11;
				GCC_DYNAMIC_NO_PIC = NO;
				GCC_NO_COMMON_BLOCKS = YES;
				GCC_OPTIMIZATION_LEVEL = 0;
				GCC_PREPROCESSOR_DEFINITIONS = (
					"$(inherited)",
					"DEBUG=1",
				);
				GCC_WARN_64_TO_32_BIT_CONVERSION = YES;
				GCC_WARN_ABOUT_RETURN_TYPE = YES_ERROR;
				GCC_WARN_UNDECLARED_SELECTOR = YES;
				GCC_WARN_UNINITIALIZED_AUTOS = YES_AGGRESSIVE;
				GCC_WARN_UNUSED_FUNCTION = YES;
				GCC_WARN_UNUSED_VARIABLE = YES;
				IPHONEOS_DEPLOYMENT_TARGET = 17.0;
				MTL_ENABLE_DEBUG_INFO = INCLUDE_SOURCE;
				MTL_FAST_MATH = YES;
				ONLY_ACTIVE_ARCH = YES;
				PRODUCT_NAME = "$(TARGET_NAME)";
				SDKROOT = iphoneos;
				SWIFT_ACTIVE_COMPILATION_CONDITIONS = DEBUG;
				SWIFT_OPTIMIZATION_LEVEL = "-Onone";
				SWIFT_VERSION = 5.0;
			};
			name = Debug;
		};
		D809EBE64A07551BB938074D /* Debug */ = {
			isa = XCBuildConfiguration;
			buildSettings = {
				ASSETCATALOG_COMPILER_APPICON_NAME = AppIcon;
				CODE_SIGNING_ALLOWED = NO;
				CODE_SIGN_IDENTITY = "iPhone Developer";
				GENERATE_INFOPLIST_FILE = YES;
				INFOPLIST_KEY_UILaunchScreen_Generation = YES;
				LD_RUNPATH_SEARCH_PATHS = (
					"$(inherited)",
					"@executable_path/Frameworks",
				);
				PRODUCT_BUNDLE_IDENTIFIER = com.valentinneagu.vscodeharness.VSCodeHost;
				SDKROOT = iphoneos;
				SWIFT_VERSION = 5.0;
				TARGETED_DEVICE_FAMILY = 2;
			};
			name = Debug;
		};
		F62857B3FF47217D6E16CC62 /* Release */ = {
			isa = XCBuildConfiguration;
			buildSettings = {
				ALWAYS_SEARCH_USER_PATHS = NO;
				CLANG_ANALYZER_NONNULL = YES;
				CLANG_ANALYZER_NUMBER_OBJECT_CONVERSION = YES_AGGRESSIVE;
				CLANG_CXX_LANGUAGE_STANDARD = "gnu++14";
				CLANG_CXX_LIBRARY = "libc++";
				CLANG_ENABLE_MODULES = YES;
				CLANG_ENABLE_OBJC_ARC = YES;
				CLANG_ENABLE_OBJC_WEAK = YES;
				CLANG_WARN_BLOCK_CAPTURE_AUTORELEASING = YES;
				CLANG_WARN_BOOL_CONVERSION = YES;
				CLANG_WARN_COMMA = YES;
				CLANG_WARN_CONSTANT_CONVERSION = YES;
				CLANG_WARN_DEPRECATED_OBJC_IMPLEMENTATIONS = YES;
				CLANG_WARN_DIRECT_OBJC_ISA_USAGE = YES_ERROR;
				CLANG_WARN_DOCUMENTATION_COMMENTS = YES;
				CLANG_WARN_EMPTY_BODY = YES;
				CLANG_WARN_ENUM_CONVERSION = YES;
				CLANG_WARN_INFINITE_RECURSION = YES;
				CLANG_WARN_INT_CONVERSION = YES;
				CLANG_WARN_NON_LITERAL_NULL_CONVERSION = YES;
				CLANG_WARN_OBJC_IMPLICIT_RETAIN_SELF = YES;
				CLANG_WARN_OBJC_LITERAL_CONVERSION = YES;
				CLANG_WARN_OBJC_ROOT_CLASS = YES_ERROR;
				CLANG_WARN_QUOTED_INCLUDE_IN_FRAMEWORK_HEADER = YES;
				CLANG_WARN_RANGE_LOOP_ANALYSIS = YES;
				CLANG_WARN_STRICT_PROTOTYPES = YES;
				CLANG_WARN_SUSPICIOUS_MOVE = YES;
				CLANG_WARN_UNGUARDED_AVAILABILITY = YES_AGGRESSIVE;
				CLANG_WARN_UNREACHABLE_CODE = YES;
				CLANG_WARN__DUPLICATE_METHOD_MATCH = YES;
				COPY_PHASE_STRIP = NO;
				DEBUG_INFORMATION_FORMAT = "dwarf-with-dsym";
				ENABLE_NS_ASSERTIONS = NO;
				ENABLE_STRICT_OBJC_MSGSEND = YES;
				GCC_C_LANGUAGE_STANDARD = gnu11;
				GCC_NO_COMMON_BLOCKS = YES;
				GCC_WARN_64_TO_32_BIT_CONVERSION = YES;
				GCC_WARN_ABOUT_RETURN_TYPE = YES_ERROR;
				GCC_WARN_UNDECLARED_SELECTOR = YES;
				GCC_WARN_UNINITIALIZED_AUTOS = YES_AGGRESSIVE;
				GCC_WARN_UNUSED_FUNCTION = YES;
				GCC_WARN_UNUSED_VARIABLE = YES;
				IPHONEOS_DEPLOYMENT_TARGET = 17.0;
				MTL_ENABLE_DEBUG_INFO = NO;
				MTL_FAST_MATH = YES;
				PRODUCT_NAME = "$(TARGET_NAME)";
				SDKROOT = iphoneos;
				SWIFT_COMPILATION_MODE = wholemodule;
				SWIFT_OPTIMIZATION_LEVEL = "-O";
				SWIFT_VERSION = 5.0;
			};
			name = Release;
		};
/* End XCBuildConfiguration section */

/* Begin XCConfigurationList section */
		0903B43531BD8B38982AFE70 /* Build configuration list for PBXNativeTarget "VSCodeUITests" */ = {
			isa = XCConfigurationList;
			buildConfigurations = (
				BF863C54F9136DC4346E2AEC /* Debug */,
				3ED2C14848D9B4C20A5B6128 /* Release */,
			);
			defaultConfigurationIsVisible = 0;
			defaultConfigurationName = Debug;
		};
		12ED7EC66B370FF9B04C537F /* Build configuration list for PBXNativeTarget "VSCodeHost" */ = {
			isa = XCConfigurationList;
			buildConfigurations = (
				D809EBE64A07551BB938074D /* Debug */,
				096FA7CE3BA63EAB90A45072 /* Release */,
			);
			defaultConfigurationIsVisible = 0;
			defaultConfigurationName = Debug;
		};
		DEAF314082139A748384B32B /* Build configuration list for PBXProject "VSCodeHarness" */ = {
			isa = XCConfigurationList;
			buildConfigurations = (
				CA4AC70147F308A82F8A94E1 /* Debug */,
				F62857B3FF47217D6E16CC62 /* Release */,
			);
			defaultConfigurationIsVisible = 0;
			defaultConfigurationName = Debug;
		};
/* End XCConfigurationList section */
	};
	rootObject = 7A00B49F993D7092AE168DD0 /* Project object */;
}
